# This file is generated by running "yarn install" inside your project.
# Manual changes might be lost - proceed with caution!

__metadata:
  version: 4

"app@workspace:app":
  version: 0.0.0-use.local
  resolution: "app@workspace:app"
  languageName: unknown
  linkType: soft

"lib1@workspace:lib1":
  version: 0.0.0-use.local
  resolution: "lib1@workspace:lib1"
  languageName: unknown
  linkType: soft

"lib2@workspace:lib2":
  version: 0.0.0-use.local
  resolution: "lib2@workspace:lib2"
  languageName: unknown
  linkType: soft

"test@workspace:.":
  version: 0.0.0-use.local
  resolution: "test@workspace:."
  languageName: unknown
  linkType: soft
